{
  "name": "IoT_2022",
  "lockfileVersion": 2,
  "requires": true,
  "packages": {
    "": {
      "dependencies": {
        "react-google-calendar-api": "^1.5.2"
      }
    },
    "node_modules/@types/node": {
      "version": "9.6.61",
      "resolved": "https://registry.npmjs.org/@types/node/-/node-9.6.61.tgz",
      "integrity": "sha512-/aKAdg5c8n468cYLy2eQrcR5k6chlbNwZNGUj3TboyPa2hcO2QAJcfymlqPzMiRj8B6nYKXjzQz36minFE0RwQ=="
    },
    "node_modules/react-google-calendar-api": {
      "version": "1.5.2",
      "resolved": "https://registry.npmjs.org/react-google-calendar-api/-/react-google-calendar-api-1.5.2.tgz",
      "integrity": "sha512-/j1c3zQlZ+euRkorxmu1f6LzHCiQkI6kULUFnNnjXIk9yeOb/ytOCwcqu7NoM+KtSMm1SGKWrjcc1oR5DZyHQA==",
      "dependencies": {
        "@types/node": "^9.6.39"
      }
    }
  },
  "dependencies": {
    "@types/node": {
      "version": "9.6.61",
      "resolved": "https://registry.npmjs.org/@types/node/-/node-9.6.61.tgz",
      "integrity": "sha512-/aKAdg5c8n468cYLy2eQrcR5k6chlbNwZNGUj3TboyPa2hcO2QAJcfymlqPzMiRj8B6nYKXjzQz36minFE0RwQ=="
    },
    "react-google-calendar-api": {
      "version": "1.5.2",
      "resolved": "https://registry.npmjs.org/react-google-calendar-api/-/react-google-calendar-api-1.5.2.tgz",
      "integrity": "sha512-/j1c3zQlZ+euRkorxmu1f6LzHCiQkI6kULUFnNnjXIk9yeOb/ytOCwcqu7NoM+KtSMm1SGKWrjcc1oR5DZyHQA==",
      "requires": {
        "@types/node": "^9.6.39"
      }
    }
  }
}
